// !$*UTF8*$!
{
	archiveVersion = 1;
	classes = {
	};
	objectVersion = 48;
	objects = {

/* Begin PBXBuildFile section */
		61086964206158A100FE3DFC /* AppDelegate.swift in Sources */ = {isa = PBXBuildFile; fileRef = 61086963206158A100FE3DFC /* AppDelegate.swift */; };
		61086966206158A100FE3DFC /* ViewController.swift in Sources */ = {isa = PBXBuildFile; fileRef = 61086965206158A100FE3DFC /* ViewController.swift */; };
		61086969206158A100FE3DFC /* Main.storyboard in Resources */ = {isa = PBXBuildFile; fileRef = 61086967206158A100FE3DFC /* Main.storyboard */; };
		6108696B206158A100FE3DFC /* Assets.xcassets in Resources */ = {isa = PBXBuildFile; fileRef = 6108696A206158A100FE3DFC /* Assets.xcassets */; };
		6108696E206158A100FE3DFC /* LaunchScreen.storyboard in Resources */ = {isa = PBXBuildFile; fileRef = 6108696C206158A100FE3DFC /* LaunchScreen.storyboard */; };
		61086976206159A600FE3DFC /* DetailsViewController.swift in Sources */ = {isa = PBXBuildFile; fileRef = 61086975206159A600FE3DFC /* DetailsViewController.swift */; };
		6108697820615D0E00FE3DFC /* MonViewController.swift in Sources */ = {isa = PBXBuildFile; fileRef = 6108697720615D0E00FE3DFC /* MonViewController.swift */; };
/* End PBXBuildFile section */

/* Begin PBXFileReference section */
		61086960206158A100FE3DFC /* PassageDeDonnees.app */ = {isa = PBXFileReference; explicitFileType = wrapper.application; includeInIndex = 0; path = PassageDeDonnees.app; sourceTree = BUILT_PRODUCTS_DIR; };
		61086963206158A100FE3DFC /* AppDelegate.swift */ = {isa = PBXFileReference; lastKnownFileType = sourcecode.swift; path = AppDelegate.swift; sourceTree = "<group>"; };
		61086965206158A100FE3DFC /* ViewController.swift */ = {isa = PBXFileReference; lastKnownFileType = sourcecode.swift; path = ViewController.swift; sourceTree = "<group>"; };
		61086968206158A100FE3DFC /* Base */ = {isa = PBXFileReference; lastKnownFileType = file.storyboard; name = Base; path = Base.lproj/Main.storyboard; sourceTree = "<group>"; };
		6108696A206158A100FE3DFC /* Assets.xcassets */ = {isa = PBXFileReference; lastKnownFileType = folder.assetcatalog; path = Assets.xcassets; sourceTree = "<group>"; };
		6108696D206158A100FE3DFC /* Base */ = {isa = PBXFileReference; lastKnownFileType = file.storyboard; name = Base; path = Base.lproj/LaunchScreen.storyboard; sourceTree = "<group>"; };
		6108696F206158A100FE3DFC /* Info.plist */ = {isa = PBXFileReference; lastKnownFileType = text.plist.xml; path = Info.plist; sourceTree = "<group>"; };
		61086975206159A600FE3DFC /* DetailsViewController.swift */ = {isa = PBXFileReference; lastKnownFileType = sourcecode.swift; path = DetailsViewController.swift; sourceTree = "<group>"; };
		6108697720615D0E00FE3DFC /* MonViewController.swift */ = {isa = PBXFileReference; lastKnownFileType = sourcecode.swift; path = MonViewController.swift; sourceTree = "<group>"; };
/* End PBXFileReference section */

/* Begin PBXFrameworksBuildPhase section */
		6108695D206158A100FE3DFC /* Frameworks */ = {
			isa = PBXFrameworksBuildPhase;
			buildActionMask = 2147483647;
			files = (
			);
			runOnlyForDeploymentPostprocessing = 0;
		};
/* End PBXFrameworksBuildPhase section */

/* Begin PBXGroup section */
		61086957206158A100FE3DFC = {
			isa = PBXGroup;
			children = (
				61086962206158A100FE3DFC /* PassageDeDonnees */,
				61086961206158A100FE3DFC /* Products */,
			);
			sourceTree = "<group>";
		};
		61086961206158A100FE3DFC /* Products */ = {
			isa = PBXGroup;
			children = (
				61086960206158A100FE3DFC /* PassageDeDonnees.app */,
			);
			name = Products;
			sourceTree = "<group>";
		};
		61086962206158A100FE3DFC /* PassageDeDonnees */ = {
			isa = PBXGroup;
			children = (
				61086963206158A100FE3DFC /* AppDelegate.swift */,
				61086965206158A100FE3DFC /* ViewController.swift */,
				61086967206158A100FE3DFC /* Main.storyboard */,
				6108696A206158A100FE3DFC /* Assets.xcassets */,
				6108696C206158A100FE3DFC /* LaunchScreen.storyboard */,
				6108696F206158A100FE3DFC /* Info.plist */,
				61086975206159A600FE3DFC /* DetailsViewController.swift */,
				6108697720615D0E00FE3DFC /* MonViewController.swift */,
			);
			path = PassageDeDonnees;
			sourceTree = "<group>";
		};
/* End PBXGroup section */

/* Begin PBXNativeTarget section */
		6108695F206158A100FE3DFC /* PassageDeDonnees */ = {
			isa = PBXNativeTarget;
			buildConfigurationList = 61086972206158A100FE3DFC /* Build configuration list for PBXNativeTarget "PassageDeDonnees" */;
			buildPhases = (
				6108695C206158A100FE3DFC /* Sources */,
				6108695D206158A100FE3DFC /* Frameworks */,
				6108695E206158A100FE3DFC /* Resources */,
			);
			buildRules = (
			);
			dependencies = (
			);
			name = PassageDeDonnees;
			productName = PassageDeDonnees;
			productReference = 61086960206158A100FE3DFC /* PassageDeDonnees.app */;
			productType = "com.apple.product-type.application";
		};
/* End PBXNativeTarget section */

/* Begin PBXProject section */
		61086958206158A100FE3DFC /* Project object */ = {
			isa = PBXProject;
			attributes = {
				LastSwiftUpdateCheck = 0920;
				LastUpgradeCheck = 0920;
				ORGANIZATIONNAME = Alban;
				TargetAttributes = {
					6108695F206158A100FE3DFC = {
						CreatedOnToolsVersion = 9.2;
						ProvisioningStyle = Automatic;
					};
				};
			};
			buildConfigurationList = 6108695B206158A100FE3DFC /* Build configuration list for PBXProject "PassageDeDonnees" */;
			compatibilityVersion = "Xcode 8.0";
			developmentRegion = en;
			hasScannedForEncodings = 0;
			knownRegions = (
				en,
				Base,
			);
			mainGroup = 61086957206158A100FE3DFC;
			productRefGroup = 61086961206158A100FE3DFC /* Products */;
			projectDirPath = "";
			projectRoot = "";
			targets = (
				6108695F206158A100FE3DFC /* PassageDeDonnees */,
			);
		};
/* End PBXProject section */

/* Begin PBXResourcesBuildPhase section */
		6108695E206158A100FE3DFC /* Resources */ = {
			isa = PBXResourcesBuildPhase;
			buildActionMask = 2147483647;
			files = (
				6108696E206158A100FE3DFC /* LaunchScreen.storyboard in Resources */,
				6108696B206158A100FE3DFC /* Assets.xcassets in Resources */,
				61086969206158A100FE3DFC /* Main.storyboard in Resources */,
			);
			runOnlyForDeploymentPostprocessing = 0;
		};
/* End PBXResourcesBuildPhase section */

/* Begin PBXSourcesBuildPhase section */
		6108695C206158A100FE3DFC /* Sources */ = {
			isa = PBXSourcesBuildPhase;
			buildActionMask = 2147483647;
			files = (
				61086966206158A100FE3DFC /* ViewController.swift in Sources */,
				61086964206158A100FE3DFC /* AppDelegate.swift in Sources */,
				61086976206159A600FE3DFC /* DetailsViewController.swift in Sources */,
				6108697820615D0E00FE3DFC /* MonViewController.swift in Sources */,
			);
			runOnlyForDeploymentPostprocessing = 0;
		};
/* End PBXSourcesBuildPhase section */

/* Begin PBXVariantGroup section */
		61086967206158A100FE3DFC /* Main.storyboard */ = {
			isa = PBXVariantGroup;
			children = (
				61086968206158A100FE3DFC /* Base */,
			);
			name = Main.storyboard;
			sourceTree = "<group>";
		};
		6108696C206158A100FE3DFC /* LaunchScreen.storyboard */ = {
			isa = PBXVariantGroup;
			children = (
				6108696D206158A100FE3DFC /* Base */,
			);
			name = LaunchScreen.storyboard;
			sourceTree = "<group>";
		};
/* End PBXVariantGroup section */

/* Begin XCBuildConfiguration section */
		61086970206158A100FE3DFC /* Debug */ = {
			isa = XCBuildConfiguration;
			buildSettings = {
				ALWAYS_SEARCH_USER_PATHS = NO;
				CLANG_ANALYZER_NONNULL = YES;
				CLANG_ANALYZER_NUMBER_OBJECT_CONVERSION = YES_AGGRESSIVE;
				CLANG_CXX_LANGUAGE_STANDARD = "gnu++14";
				CLANG_CXX_LIBRARY = "libc++";
				CLANG_ENABLE_MODULES = YES;
				CLANG_ENABLE_OBJC_ARC = YES;
				CLANG_WARN_BLOCK_CAPTURE_AUTORELEASING = YES;
				CLANG_WARN_BOOL_CONVERSION = YES;
				CLANG_WARN_COMMA = YES;
				CLANG_WARN_CONSTANT_CONVERSION = YES;
				CLANG_WARN_DIRECT_OBJC_ISA_USAGE = YES_ERROR;
				CLANG_WARN_DOCUMENTATION_COMMENTS = YES;
				CLANG_WARN_EMPTY_BODY = YES;
				CLANG_WARN_ENUM_CONVERSION = YES;
				CLANG_WARN_INFINITE_RECURSION = YES;
				CLANG_WARN_INT_CONVERSION = YES;
				CLANG_WARN_NON_LITERAL_NULL_CONVERSION = YES;
				CLANG_WARN_OBJC_LITERAL_CONVERSION = YES;
				CLANG_WARN_OBJC_ROOT_CLASS = YES_ERROR;
				CLANG_WARN_RANGE_LOOP_ANALYSIS = YES;
				CLANG_WARN_STRICT_PROTOTYPES = YES;
				CLANG_WARN_SUSPICIOUS_MOVE = YES;
				CLANG_WARN_UNGUARDED_AVAILABILITY = YES_AGGRESSIVE;
				CLANG_WARN_UNREACHABLE_CODE = YES;
				CLANG_WARN__DUPLICATE_METHOD_MATCH = YES;
				CODE_SIGN_IDENTITY = "iPhone Developer";
				COPY_PHASE_STRIP = NO;
				DEBUG_INFORMATION_FORMAT = dwarf;
				ENABLE_STRICT_OBJC_MSGSEND = YES;
				ENABLE_TESTABILITY = YES;
				GCC_C_LANGUAGE_STANDARD = gnu11;
				GCC_DYNAMIC_NO_PIC = NO;
				GCC_NO_COMMON_BLOCKS = YES;
				GCC_OPTIMIZATION_LEVEL = 0;
				GCC_PREPROCESSOR_DEFINITIONS = (
					"DEBUG=1",
					"$(inherited)",
				);
				GCC_WARN_64_TO_32_BIT_CONVERSION = YES;
				GCC_WARN_ABOUT_RETURN_TYPE = YES_ERROR;
				GCC_WARN_UNDECLARED_SELECTOR = YES;
				GCC_WARN_UNINITIALIZED_AUTOS = YES_AGGRESSIVE;
				GCC_WARN_UNUSED_FUNCTION = YES;
				GCC_WARN_UNUSED_VARIABLE = YES;
				IPHONEOS_DEPLOYMENT_TARGET = 11.2;
				MTL_ENABLE_DEBUG_INFO = YES;
				ONLY_ACTIVE_ARCH = YES;
				SDKROOT = iphoneos;
				SWIFT_ACTIVE_COMPILATION_CONDITIONS = DEBUG;
				SWIFT_OPTIMIZATION_LEVEL = "-Onone";
			};
			name = Debug;
		};
		61086971206158A100FE3DFC /* Release */ = {
			isa = XCBuildConfiguration;
			buildSettings = {
				ALWAYS_SEARCH_USER_PATHS = NO;
				CLANG_ANALYZER_NONNULL = YES;
				CLANG_ANALYZER_NUMBER_OBJECT_CONVERSION = YES_AGGRESSIVE;
				CLANG_CXX_LANGUAGE_STANDARD = "gnu++14";
				CLANG_CXX_LIBRARY = "libc++";
				CLANG_ENABLE_MODULES = YES;
				CLANG_ENABLE_OBJC_ARC = YES;
				CLANG_WARN_BLOCK_CAPTURE_AUTORELEASING = YES;
				CLANG_WARN_BOOL_CONVERSION = YES;
				CLANG_WARN_COMMA = YES;
				CLANG_WARN_CONSTANT_CONVERSION = YES;
				CLANG_WARN_DIRECT_OBJC_ISA_USAGE = YES_ERROR;
				CLANG_WARN_DOCUMENTATION_COMMENTS = YES;
				CLANG_WARN_EMPTY_BODY = YES;
				CLANG_WARN_ENUM_CONVERSION = YES;
				CLANG_WARN_INFINITE_RECURSION = YES;
				CLANG_WARN_INT_CONVERSION = YES;
				CLANG_WARN_NON_LITERAL_NULL_CONVERSION = YES;
				CLANG_WARN_OBJC_LITERAL_CONVERSION = YES;
				CLANG_WARN_OBJC_ROOT_CLASS = YES_ERROR;
				CLANG_WARN_RANGE_LOOP_ANALYSIS = YES;
				CLANG_WARN_STRICT_PROTOTYPES = YES;
				CLANG_WARN_SUSPICIOUS_MOVE = YES;
				CLANG_WARN_UNGUARDED_AVAILABILITY = YES_AGGRESSIVE;
				CLANG_WARN_UNREACHABLE_CODE = YES;
				CLANG_WARN__DUPLICATE_METHOD_MATCH = YES;
				CODE_SIGN_IDENTITY = "iPhone Developer";
				COPY_PHASE_STRIP = NO;
				DEBUG_INFORMATION_FORMAT = "dwarf-with-dsym";
				ENABLE_NS_ASSERTIONS = NO;
				ENABLE_STRICT_OBJC_MSGSEND = YES;
				GCC_C_LANGUAGE_STANDARD = gnu11;
				GCC_NO_COMMON_BLOCKS = YES;
				GCC_WARN_64_TO_32_BIT_CONVERSION = YES;
				GCC_WARN_ABOUT_RETURN_TYPE = YES_ERROR;
				GCC_WARN_UNDECLARED_SELECTOR = YES;
				GCC_WARN_UNINITIALIZED_AUTOS = YES_AGGRESSIVE;
				GCC_WARN_UNUSED_FUNCTION = YES;
				GCC_WARN_UNUSED_VARIABLE = YES;
				IPHONEOS_DEPLOYMENT_TARGET = 11.2;
				MTL_ENABLE_DEBUG_INFO = NO;
				SDKROOT = iphoneos;
				SWIFT_OPTIMIZATION_LEVEL = "-Owholemodule";
				VALIDATE_PRODUCT = YES;
			};
			name = Release;
		};
		61086973206158A100FE3DFC /* Debug */ = {
			isa = XCBuildConfiguration;
			buildSettings = {
				ASSETCATALOG_COMPILER_APPICON_NAME = AppIcon;
				CODE_SIGN_STYLE = Automatic;
				DEVELOPMENT_TEAM = G739VH73FZ;
				INFOPLIST_FILE = PassageDeDonnees/Info.plist;
				LD_RUNPATH_SEARCH_PATHS = "$(inherited) @executable_path/Frameworks";
				PRODUCT_BUNDLE_IDENTIFIER = com.albanPerli.PassageDeDonnees;
				PRODUCT_NAME = "$(TARGET_NAME)";
				SWIFT_VERSION = 4.0;
				TARGETED_DEVICE_FAMILY = "1,2";
			};
			name = Debug;
		};
		61086974206158A100FE3DFC /* Release */ = {
			isa = XCBuildConfiguration;
			buildSettings = {
				ASSETCATALOG_COMPILER_APPICON_NAME = AppIcon;
				CODE_SIGN_STYLE = Automatic;
				DEVELOPMENT_TEAM = G739VH73FZ;
				INFOPLIST_FILE = PassageDeDonnees/Info.plist;
				LD_RUNPATH_SEARCH_PATHS = "$(inherited) @executable_path/Frameworks";
				PRODUCT_BUNDLE_IDENTIFIER = com.albanPerli.PassageDeDonnees;
				PRODUCT_NAME = "$(TARGET_NAME)";
				SWIFT_VERSION = 4.0;
				TARGETED_DEVICE_FAMILY = "1,2";
			};
			name = Release;
		};
/* End XCBuildConfiguration section */

/* Begin XCConfigurationList section */
		6108695B206158A100FE3DFC /* Build configuration list for PBXProject "PassageDeDonnees" */ = {
			isa = XCConfigurationList;
			buildConfigurations = (
				61086970206158A100FE3DFC /* Debug */,
				61086971206158A100FE3DFC /* Release */,
			);
			defaultConfigurationIsVisible = 0;
			defaultConfigurationName = Release;
		};
		61086972206158A100FE3DFC /* Build configuration list for PBXNativeTarget "PassageDeDonnees" */ = {
			isa = XCConfigurationList;
			buildConfigurations = (
				61086973206158A100FE3DFC /* Debug */,
				61086974206158A100FE3DFC /* Release */,
			);
			defaultConfigurationIsVisible = 0;
			defaultConfigurationName = Release;
		};
/* End XCConfigurationList section */
	};
	rootObject = 61086958206158A100FE3DFC /* Project object */;
}
